
Microsoft Visual Studio Solution File, Format Version 12.00
# Visual Studio Version 17
VisualStudioVersion = 17.0.31912.275
MinimumVisualStudioVersion = 10.0.40219.1
Project("{2150E333-8FDC-42A3-9474-1A3956D46DE8}") = "Serverless_API", "Serverless_API", "{D75C3560-C317-4C54-A270-C35FB5FDCFA0}"
EndProject
Project("{2150E333-8FDC-42A3-9474-1A3956D46DE8}") = "Core", "Core", "{7520561E-B9EE-4444-8D76-BE2E5023B1CF}"
EndProject
Project("{9A19103F-16F7-4668-BE54-9A1E7A4F7556}") = "Appication", "src\Appication\Appication.csproj", "{568F9478-4C4C-4DF4-9698-6EEDFB7F2642}"
EndProject
Project("{9A19103F-16F7-4668-BE54-9A1E7A4F7556}") = "Infra", "src\Infra\Infra.csproj", "{577DEACB-A894-480D-90F4-0DCD22C044FD}"
EndProject
Project("{9A19103F-16F7-4668-BE54-9A1E7A4F7556}") = "ClienteAPI", "src\ClienteAPI\src\ClienteAPI\ClienteAPI.csproj", "{34FBAD33-6187-49C0-9F44-3E8447081358}"
EndProject
Project("{9A19103F-16F7-4668-BE54-9A1E7A4F7556}") = "UsuarioAPI", "src\UsuarioAPI\src\UsuarioAPI\UsuarioAPI.csproj", "{1E82E7F1-7D64-4F71-910D-C4E3BCEA391F}"
EndProject
Project("{9A19103F-16F7-4668-BE54-9A1E7A4F7556}") = "Core_Domain", "src\Core_Domain\Core_Domain.csproj", "{D204AB6C-945D-4F4B-B0A3-F55F41759B16}"
EndProject
Project("{9A19103F-16F7-4668-BE54-9A1E7A4F7556}") = "ProdutoAPI", "src\ProdutoAPI\src\ProdutoAPI\ProdutoAPI.csproj", "{5F4486CA-C5F9-4739-9263-F1DB15D8A919}"
EndProject
Project("{9A19103F-16F7-4668-BE54-9A1E7A4F7556}") = "VendaAPI", "src\VendaAPI\src\VendaAPI\VendaAPI.csproj", "{93245431-1907-4590-A2C2-5661FB1D88B7}"
EndProject
Global
	GlobalSection(SolutionConfigurationPlatforms) = preSolution
		Debug|Any CPU = Debug|Any CPU
		Release|Any CPU = Release|Any CPU
	EndGlobalSection
	GlobalSection(ProjectConfigurationPlatforms) = postSolution
		{568F9478-4C4C-4DF4-9698-6EEDFB7F2642}.Debug|Any CPU.ActiveCfg = Debug|Any CPU
		{568F9478-4C4C-4DF4-9698-6EEDFB7F2642}.Debug|Any CPU.Build.0 = Debug|Any CPU
		{568F9478-4C4C-4DF4-9698-6EEDFB7F2642}.Release|Any CPU.ActiveCfg = Release|Any CPU
		{568F9478-4C4C-4DF4-9698-6EEDFB7F2642}.Release|Any CPU.Build.0 = Release|Any CPU
		{577DEACB-A894-480D-90F4-0DCD22C044FD}.Debug|Any CPU.ActiveCfg = Debug|Any CPU
		{577DEACB-A894-480D-90F4-0DCD22C044FD}.Debug|Any CPU.Build.0 = Debug|Any CPU
		{577DEACB-A894-480D-90F4-0DCD22C044FD}.Release|Any CPU.ActiveCfg = Release|Any CPU
		{577DEACB-A894-480D-90F4-0DCD22C044FD}.Release|Any CPU.Build.0 = Release|Any CPU
		{34FBAD33-6187-49C0-9F44-3E8447081358}.Debug|Any CPU.ActiveCfg = Debug|Any CPU
		{34FBAD33-6187-49C0-9F44-3E8447081358}.Debug|Any CPU.Build.0 = Debug|Any CPU
		{34FBAD33-6187-49C0-9F44-3E8447081358}.Release|Any CPU.ActiveCfg = Release|Any CPU
		{34FBAD33-6187-49C0-9F44-3E8447081358}.Release|Any CPU.Build.0 = Release|Any CPU
		{1E82E7F1-7D64-4F71-910D-C4E3BCEA391F}.Debug|Any CPU.ActiveCfg = Debug|Any CPU
		{1E82E7F1-7D64-4F71-910D-C4E3BCEA391F}.Debug|Any CPU.Build.0 = Debug|Any CPU
		{1E82E7F1-7D64-4F71-910D-C4E3BCEA391F}.Release|Any CPU.ActiveCfg = Release|Any CPU
		{1E82E7F1-7D64-4F71-910D-C4E3BCEA391F}.Release|Any CPU.Build.0 = Release|Any CPU
		{D204AB6C-945D-4F4B-B0A3-F55F41759B16}.Debug|Any CPU.ActiveCfg = Debug|Any CPU
		{D204AB6C-945D-4F4B-B0A3-F55F41759B16}.Debug|Any CPU.Build.0 = Debug|Any CPU
		{D204AB6C-945D-4F4B-B0A3-F55F41759B16}.Release|Any CPU.ActiveCfg = Release|Any CPU
		{D204AB6C-945D-4F4B-B0A3-F55F41759B16}.Release|Any CPU.Build.0 = Release|Any CPU
		{5F4486CA-C5F9-4739-9263-F1DB15D8A919}.Debug|Any CPU.ActiveCfg = Debug|Any CPU
		{5F4486CA-C5F9-4739-9263-F1DB15D8A919}.Debug|Any CPU.Build.0 = Debug|Any CPU
		{5F4486CA-C5F9-4739-9263-F1DB15D8A919}.Release|Any CPU.ActiveCfg = Release|Any CPU
		{5F4486CA-C5F9-4739-9263-F1DB15D8A919}.Release|Any CPU.Build.0 = Release|Any CPU
		{93245431-1907-4590-A2C2-5661FB1D88B7}.Debug|Any CPU.ActiveCfg = Debug|Any CPU
		{93245431-1907-4590-A2C2-5661FB1D88B7}.Debug|Any CPU.Build.0 = Debug|Any CPU
		{93245431-1907-4590-A2C2-5661FB1D88B7}.Release|Any CPU.ActiveCfg = Release|Any CPU
		{93245431-1907-4590-A2C2-5661FB1D88B7}.Release|Any CPU.Build.0 = Release|Any CPU
	EndGlobalSection
	GlobalSection(SolutionProperties) = preSolution
		HideSolutionNode = FALSE
	EndGlobalSection
	GlobalSection(NestedProjects) = preSolution
		{568F9478-4C4C-4DF4-9698-6EEDFB7F2642} = {7520561E-B9EE-4444-8D76-BE2E5023B1CF}
		{577DEACB-A894-480D-90F4-0DCD22C044FD} = {7520561E-B9EE-4444-8D76-BE2E5023B1CF}
		{34FBAD33-6187-49C0-9F44-3E8447081358} = {D75C3560-C317-4C54-A270-C35FB5FDCFA0}
		{1E82E7F1-7D64-4F71-910D-C4E3BCEA391F} = {D75C3560-C317-4C54-A270-C35FB5FDCFA0}
		{D204AB6C-945D-4F4B-B0A3-F55F41759B16} = {7520561E-B9EE-4444-8D76-BE2E5023B1CF}
		{5F4486CA-C5F9-4739-9263-F1DB15D8A919} = {D75C3560-C317-4C54-A270-C35FB5FDCFA0}
		{93245431-1907-4590-A2C2-5661FB1D88B7} = {D75C3560-C317-4C54-A270-C35FB5FDCFA0}
	EndGlobalSection
	GlobalSection(ExtensibilityGlobals) = postSolution
		SolutionGuid = {C08B936E-1AAE-43AB-A766-C0918F81288C}
	EndGlobalSection
EndGlobal
